
Microsoft Visual Studio Solution File, Format Version 12.00
# Visual Studio Version 17
VisualStudioVersion = 17.4.33110.190
MinimumVisualStudioVersion = 10.0.40219.1
Project("{9A19103F-16F7-4668-BE54-9A1E7A4F7556}") = "TuristApp2", "TuristApp2\TuristApp2.csproj", "{217AED15-2034-4D24-BA82-1AAD555E4BED}"
EndProject
Global
	GlobalSection(SolutionConfigurationPlatforms) = preSolution
		Debug|Any CPU = Debug|Any CPU
		Release|Any CPU = Release|Any CPU
	EndGlobalSection
	GlobalSection(ProjectConfigurationPlatforms) = postSolution
		{217AED15-2034-4D24-BA82-1AAD555E4BED}.Debug|Any CPU.ActiveCfg = Debug|Any CPU
		{217AED15-2034-4D24-BA82-1AAD555E4BED}.Debug|Any CPU.Build.0 = Debug|Any CPU
		{217AED15-2034-4D24-BA82-1AAD555E4BED}.Release|Any CPU.ActiveCfg = Release|Any CPU
		{217AED15-2034-4D24-BA82-1AAD555E4BED}.Release|Any CPU.Build.0 = Release|Any CPU
	EndGlobalSection
	GlobalSection(SolutionProperties) = preSolution
		HideSolutionNode = FALSE
	EndGlobalSection
	GlobalSection(ExtensibilityGlobals) = postSolution
		SolutionGuid = {ADB73992-1F7F-4085-8242-B92BC044D8FB}
	EndGlobalSection
EndGlobal
